
Microsoft Visual Studio Solution File, Format Version 12.00
# Visual Studio 15
VisualStudioVersion = 15.0.28307.572
MinimumVisualStudioVersion = 10.0.40219.1
Project("{FAE04EC0-301F-11D3-BF4B-00C04F79EFBC}") = "Inventory_Management", "Inventory_Management\Inventory_Management.csproj", "{FEFB4B26-D8F4-4FA5-8534-649EAD8122AA}"
EndProject
Global
	GlobalSection(SolutionConfigurationPlatforms) = preSolution
		Debug|Any CPU = Debug|Any CPU
		Release|Any CPU = Release|Any CPU
	EndGlobalSection
	GlobalSection(ProjectConfigurationPlatforms) = postSolution
		{FEFB4B26-D8F4-4FA5-8534-649EAD8122AA}.Debug|Any CPU.ActiveCfg = Debug|Any CPU
		{FEFB4B26-D8F4-4FA5-8534-649EAD8122AA}.Debug|Any CPU.Build.0 = Debug|Any CPU
		{FEFB4B26-D8F4-4FA5-8534-649EAD8122AA}.Release|Any CPU.ActiveCfg = Release|Any CPU
		{FEFB4B26-D8F4-4FA5-8534-649EAD8122AA}.Release|Any CPU.Build.0 = Release|Any CPU
	EndGlobalSection
	GlobalSection(SolutionProperties) = preSolution
		HideSolutionNode = FALSE
	EndGlobalSection
	GlobalSection(ExtensibilityGlobals) = postSolution
		SolutionGuid = {C7DD68B4-C597-44B4-90AD-E38063EABBE8}
	EndGlobalSection
EndGlobal
